{
  "nodes": {
    "flake-compat": {
      "flake": false,
      "locked": {
        "lastModified": 1767039857,
        "narHash": "sha256-vNpUSpF5Nuw8xvDLj2KCwwksIbjua2LZCqhV1LNRDns=",
        "owner": "edolstra",
        "repo": "flake-compat",
        "rev": "5edf11c44bc78a0d334f6334cdaf7d60d732daab",
        "type": "github"
      },
      "original": {
        "owner": "edolstra",
        "repo": "flake-compat",
        "type": "github"
      }
    },
    "home-manager": {
      "inputs": {
        "nixpkgs": [
          "nixpkgs"
        ]
      },
      "locked": {
        "lastModified": 1772218752,
        "narHash": "sha256-G8nArvOTZXU8DRvrzAdz3Elcj6kA/vMtvY9mrGLATtA=",
        "owner": "nix-community",
        "repo": "home-manager",
        "rev": "f3a30376bb9eb2f6f61816be7d6ed954b6d2a3b9",
        "type": "github"
      },
      "original": {
        "owner": "nix-community",
        "repo": "home-manager",
        "type": "github"
      }
    },
    "nixos-plymouth": {
      "locked": {
        "lastModified": 1758476321,
        "narHash": "sha256-kP9fSJxZO4vHn9kL3o9h1yxKxUvON/1yvlNIYSH5yq0=",
        "owner": "BeatLink",
        "repo": "nixos-plymouth",
        "rev": "33b308bfc0e9411e5c96bc114b9f7e83e7c7fd2c",
        "type": "github"
      },
      "original": {
        "owner": "BeatLink",
        "repo": "nixos-plymouth",
        "type": "github"
      }
    },
    "nixpkgs": {
      "locked": {
        "lastModified": 1771848320,
        "narHash": "sha256-0MAd+0mun3K/Ns8JATeHT1sX28faLII5hVLq0L3BdZU=",
        "owner": "NixOS",
        "repo": "nixpkgs",
        "rev": "2fc6539b481e1d2569f25f8799236694180c0993",
        "type": "github"
      },
      "original": {
        "owner": "NixOS",
        "ref": "nixos-unstable",
        "repo": "nixpkgs",
        "type": "github"
      }
    },
    "nixpkgs_2": {
      "locked": {
        "lastModified": 1771289367,
        "narHash": "sha256-HsreRbOYgmvJ2H4X38syfOHO5aEgEn4lcvzl3Epn3g8=",
        "owner": "miuirussia",
        "repo": "nixpkgs",
        "rev": "8664e0c5f336a5cb38ef7831808daa86b9990b6f",
        "type": "github"
      },
      "original": {
        "owner": "miuirussia",
        "ref": "nixpkgs-unstable",
        "repo": "nixpkgs",
        "type": "github"
      }
    },
    "root": {
      "inputs": {
        "home-manager": "home-manager",
        "nixos-plymouth": "nixos-plymouth",
        "nixpkgs": "nixpkgs",
        "yandex-browser": "yandex-browser"
      }
    },
    "yandex-browser": {
      "inputs": {
        "flake-compat": "flake-compat",
        "nixpkgs": "nixpkgs_2"
      },
      "locked": {
        "lastModified": 1771375185,
        "narHash": "sha256-AGdDH5vFfCpGdVSqQtoipBed3oyemuOGOAwp7KDniBk=",
        "owner": "miuirussia",
        "repo": "yandex-browser.nix",
        "rev": "c71ea82a7b4a03c6a79eb9b38acf693183d2343e",
        "type": "github"
      },
      "original": {
        "owner": "miuirussia",
        "repo": "yandex-browser.nix",
        "type": "github"
      }
    }
  },
  "root": "root",
  "version": 7
}
